{
  "meteor": {
    "git": "https://github.com/meteor/meteor.git",
    "branch": "master",
    "commit": "4d98d8cb4e5a95e9e98953f44c872c9332a042a3"
  },
  "dependencies": {
    "basePackages": {
      "belt-gravatar": {
        "path": "."
      }
    },
    "packages": {
      "belt-gravatar": {
        "path": "."
      },
      "belt-md5": {
        "path": "/Users/finley/github/meteorbelt/belt-md5/"
      }
    }
  }
}
